
Microsoft Visual Studio Solution File, Format Version 12.00
# Visual Studio Version 17
VisualStudioVersion = 17.14.36301.6 d17.14
MinimumVisualStudioVersion = 10.0.40219.1
Project("{FAE04EC0-301F-11D3-BF4B-00C04F79EFBC}") = "WEB FORM TIENDA", "WEB FORM TIENDA\WEB FORM TIENDA.csproj", "{542C488F-499A-4DBE-BED3-9E9D1DF6A555}"
EndProject
Global
	GlobalSection(SolutionConfigurationPlatforms) = preSolution
		Debug|Any CPU = Debug|Any CPU
		Release|Any CPU = Release|Any CPU
	EndGlobalSection
	GlobalSection(ProjectConfigurationPlatforms) = postSolution
		{542C488F-499A-4DBE-BED3-9E9D1DF6A555}.Debug|Any CPU.ActiveCfg = Debug|Any CPU
		{542C488F-499A-4DBE-BED3-9E9D1DF6A555}.Debug|Any CPU.Build.0 = Debug|Any CPU
		{542C488F-499A-4DBE-BED3-9E9D1DF6A555}.Release|Any CPU.ActiveCfg = Release|Any CPU
		{542C488F-499A-4DBE-BED3-9E9D1DF6A555}.Release|Any CPU.Build.0 = Release|Any CPU
	EndGlobalSection
	GlobalSection(SolutionProperties) = preSolution
		HideSolutionNode = FALSE
	EndGlobalSection
	GlobalSection(ExtensibilityGlobals) = postSolution
		SolutionGuid = {B4F95512-4F3E-47D9-A5BF-828E68185774}
	EndGlobalSection
EndGlobal
